
Microsoft Visual Studio Solution File, Format Version 12.00
# Visual Studio Version 17
VisualStudioVersion = 17.14.36327.8 d17.14
MinimumVisualStudioVersion = 10.0.40219.1
Project("{8BC9CEB8-8B4A-11D0-8D11-00A0C91BC942}") = "Puzzle15", "Puzzle15.vcxproj", "{E843BB06-D2EE-4D45-BD28-96F08147DD0B}"
EndProject
Global
	GlobalSection(SolutionConfigurationPlatforms) = preSolution
		Debug|x64 = Debug|x64
		Debug|x86 = Debug|x86
		Release|x64 = Release|x64
		Release|x86 = Release|x86
	EndGlobalSection
	GlobalSection(ProjectConfigurationPlatforms) = postSolution
		{E843BB06-D2EE-4D45-BD28-96F08147DD0B}.Debug|x64.ActiveCfg = Debug|x64
		{E843BB06-D2EE-4D45-BD28-96F08147DD0B}.Debug|x64.Build.0 = Debug|x64
		{E843BB06-D2EE-4D45-BD28-96F08147DD0B}.Debug|x86.ActiveCfg = Debug|Win32
		{E843BB06-D2EE-4D45-BD28-96F08147DD0B}.Debug|x86.Build.0 = Debug|Win32
		{E843BB06-D2EE-4D45-BD28-96F08147DD0B}.Release|x64.ActiveCfg = Release|x64
		{E843BB06-D2EE-4D45-BD28-96F08147DD0B}.Release|x64.Build.0 = Release|x64
		{E843BB06-D2EE-4D45-BD28-96F08147DD0B}.Release|x86.ActiveCfg = Release|Win32
		{E843BB06-D2EE-4D45-BD28-96F08147DD0B}.Release|x86.Build.0 = Release|Win32
	EndGlobalSection
	GlobalSection(SolutionProperties) = preSolution
		HideSolutionNode = FALSE
	EndGlobalSection
	GlobalSection(ExtensibilityGlobals) = postSolution
		SolutionGuid = {445BEE6C-ED4C-44C4-ABAF-302B54AD9282}
	EndGlobalSection
EndGlobal
